
Microsoft Visual Studio Solution File, Format Version 12.00
# Visual Studio Version 17
VisualStudioVersion = 17.11.35312.102
MinimumVisualStudioVersion = 10.0.40219.1
Project("{FAE04EC0-301F-11D3-BF4B-00C04F79EFBC}") = "BespokeJokes.Server", "BespokeJokes.Server\BespokeJokes.Server.csproj", "{14A6046B-FFFB-49C3-882F-5E81C0B78B66}"
EndProject
Project("{54A90642-561A-4BB1-A94E-469ADEE60C69}") = "bespokejokes.client", "bespokejokes.client\bespokejokes.client.esproj", "{53961AA9-BA46-4715-B6B0-4EB54BFB64B9}"
EndProject
Global
	GlobalSection(SolutionConfigurationPlatforms) = preSolution
		Debug|Any CPU = Debug|Any CPU
		Release|Any CPU = Release|Any CPU
	EndGlobalSection
	GlobalSection(ProjectConfigurationPlatforms) = postSolution
		{14A6046B-FFFB-49C3-882F-5E81C0B78B66}.Debug|Any CPU.ActiveCfg = Debug|Any CPU
		{14A6046B-FFFB-49C3-882F-5E81C0B78B66}.Debug|Any CPU.Build.0 = Debug|Any CPU
		{14A6046B-FFFB-49C3-882F-5E81C0B78B66}.Release|Any CPU.ActiveCfg = Release|Any CPU
		{14A6046B-FFFB-49C3-882F-5E81C0B78B66}.Release|Any CPU.Build.0 = Release|Any CPU
		{53961AA9-BA46-4715-B6B0-4EB54BFB64B9}.Debug|Any CPU.ActiveCfg = Debug|Any CPU
		{53961AA9-BA46-4715-B6B0-4EB54BFB64B9}.Debug|Any CPU.Build.0 = Debug|Any CPU
		{53961AA9-BA46-4715-B6B0-4EB54BFB64B9}.Debug|Any CPU.Deploy.0 = Debug|Any CPU
		{53961AA9-BA46-4715-B6B0-4EB54BFB64B9}.Release|Any CPU.ActiveCfg = Release|Any CPU
		{53961AA9-BA46-4715-B6B0-4EB54BFB64B9}.Release|Any CPU.Build.0 = Release|Any CPU
		{53961AA9-BA46-4715-B6B0-4EB54BFB64B9}.Release|Any CPU.Deploy.0 = Release|Any CPU
	EndGlobalSection
	GlobalSection(SolutionProperties) = preSolution
		HideSolutionNode = FALSE
	EndGlobalSection
	GlobalSection(ExtensibilityGlobals) = postSolution
		SolutionGuid = {A6D5E506-F8A8-44D4-B067-463C3EC9F648}
	EndGlobalSection
EndGlobal
